
Microsoft Visual Studio Solution File, Format Version 12.00
Project("{8BC9CEB8-8B4A-11D0-8D11-00A0C91BC942}") = "Oppgave1", "Oppgave1\Oppgave1.vcxproj", "{0A2958D8-D1BD-4A50-BD89-753A754E543D}"
EndProject
Project("{8BC9CEB8-8B4A-11D0-8D11-00A0C91BC942}") = "Oppgave2", "Oppgave2\Oppgave2.vcxproj", "{D742785C-B9A4-425A-AC51-6DEEA3B6A597}"
EndProject
Project("{8BC9CEB8-8B4A-11D0-8D11-00A0C91BC942}") = "Oppgave3", "Oppgave3\Oppgave3.vcxproj", "{4AAAB5CE-7446-4978-9B05-7D97FDCDC189}"
EndProject
Project("{8BC9CEB8-8B4A-11D0-8D11-00A0C91BC942}") = "Test", "Test\Test.vcxproj", "{D93D2273-458B-4920-BF2F-AED4B3D21C74}"
EndProject
Global
	GlobalSection(SolutionConfigurationPlatforms) = preSolution
		Debug|Win32 = Debug|Win32
		Debug|x64 = Debug|x64
		Release|Win32 = Release|Win32
		Release|x64 = Release|x64
	EndGlobalSection
	GlobalSection(ProjectConfigurationPlatforms) = postSolution
		{0A2958D8-D1BD-4A50-BD89-753A754E543D}.Debug|Win32.ActiveCfg = Debug|Win32
		{0A2958D8-D1BD-4A50-BD89-753A754E543D}.Debug|Win32.Build.0 = Debug|Win32
		{0A2958D8-D1BD-4A50-BD89-753A754E543D}.Debug|x64.ActiveCfg = Debug|x64
		{0A2958D8-D1BD-4A50-BD89-753A754E543D}.Debug|x64.Build.0 = Debug|x64
		{0A2958D8-D1BD-4A50-BD89-753A754E543D}.Release|Win32.ActiveCfg = Release|Win32
		{0A2958D8-D1BD-4A50-BD89-753A754E543D}.Release|Win32.Build.0 = Release|Win32
		{0A2958D8-D1BD-4A50-BD89-753A754E543D}.Release|x64.ActiveCfg = Release|x64
		{0A2958D8-D1BD-4A50-BD89-753A754E543D}.Release|x64.Build.0 = Release|x64
		{D742785C-B9A4-425A-AC51-6DEEA3B6A597}.Debug|Win32.ActiveCfg = Debug|Win32
		{D742785C-B9A4-425A-AC51-6DEEA3B6A597}.Debug|Win32.Build.0 = Debug|Win32
		{D742785C-B9A4-425A-AC51-6DEEA3B6A597}.Debug|x64.ActiveCfg = Debug|x64
		{D742785C-B9A4-425A-AC51-6DEEA3B6A597}.Debug|x64.Build.0 = Debug|x64
		{D742785C-B9A4-425A-AC51-6DEEA3B6A597}.Release|Win32.ActiveCfg = Release|Win32
		{D742785C-B9A4-425A-AC51-6DEEA3B6A597}.Release|Win32.Build.0 = Release|Win32
		{D742785C-B9A4-425A-AC51-6DEEA3B6A597}.Release|x64.ActiveCfg = Release|x64
		{D742785C-B9A4-425A-AC51-6DEEA3B6A597}.Release|x64.Build.0 = Release|x64
		{4AAAB5CE-7446-4978-9B05-7D97FDCDC189}.Debug|Win32.ActiveCfg = Debug|Win32
		{4AAAB5CE-7446-4978-9B05-7D97FDCDC189}.Debug|Win32.Build.0 = Debug|Win32
		{4AAAB5CE-7446-4978-9B05-7D97FDCDC189}.Debug|x64.ActiveCfg = Debug|x64
		{4AAAB5CE-7446-4978-9B05-7D97FDCDC189}.Debug|x64.Build.0 = Debug|x64
		{4AAAB5CE-7446-4978-9B05-7D97FDCDC189}.Release|Win32.ActiveCfg = Release|Win32
		{4AAAB5CE-7446-4978-9B05-7D97FDCDC189}.Release|Win32.Build.0 = Release|Win32
		{4AAAB5CE-7446-4978-9B05-7D97FDCDC189}.Release|x64.ActiveCfg = Release|x64
		{4AAAB5CE-7446-4978-9B05-7D97FDCDC189}.Release|x64.Build.0 = Release|x64
		{D93D2273-458B-4920-BF2F-AED4B3D21C74}.Debug|Win32.ActiveCfg = Debug|Win32
		{D93D2273-458B-4920-BF2F-AED4B3D21C74}.Debug|Win32.Build.0 = Debug|Win32
		{D93D2273-458B-4920-BF2F-AED4B3D21C74}.Debug|x64.ActiveCfg = Debug|x64
		{D93D2273-458B-4920-BF2F-AED4B3D21C74}.Debug|x64.Build.0 = Debug|x64
		{D93D2273-458B-4920-BF2F-AED4B3D21C74}.Release|Win32.ActiveCfg = Release|Win32
		{D93D2273-458B-4920-BF2F-AED4B3D21C74}.Release|Win32.Build.0 = Release|Win32
		{D93D2273-458B-4920-BF2F-AED4B3D21C74}.Release|x64.ActiveCfg = Release|x64
		{D93D2273-458B-4920-BF2F-AED4B3D21C74}.Release|x64.Build.0 = Release|x64
	EndGlobalSection
EndGlobal
